// !$*UTF8*$!
{
	archiveVersion = 1;
	classes = {
	};
	objectVersion = 56;
	objects = {

/* Begin PBXBuildFile section */
		587F4E0629795D4100C3605C /* ScrumMasterApp.swift in Sources */ = {isa = PBXBuildFile; fileRef = 587F4E0529795D4100C3605C /* ScrumMasterApp.swift */; };
		587F4E0829795D4100C3605C /* ContentView.swift in Sources */ = {isa = PBXBuildFile; fileRef = 587F4E0729795D4100C3605C /* ContentView.swift */; };
		587F4E0A29795D4200C3605C /* Assets.xcassets in Resources */ = {isa = PBXBuildFile; fileRef = 587F4E0929795D4200C3605C /* Assets.xcassets */; };
		587F4E0D29795D4200C3605C /* Preview Assets.xcassets in Resources */ = {isa = PBXBuildFile; fileRef = 587F4E0C29795D4200C3605C /* Preview Assets.xcassets */; };
		587F4E1729795D4200C3605C /* ScrumMasterTests.swift in Sources */ = {isa = PBXBuildFile; fileRef = 587F4E1629795D4200C3605C /* ScrumMasterTests.swift */; };
		587F4E2129795D4200C3605C /* ScrumMasterUITests.swift in Sources */ = {isa = PBXBuildFile; fileRef = 587F4E2029795D4200C3605C /* ScrumMasterUITests.swift */; };
		587F4E2329795D4200C3605C /* ScrumMasterUITestsLaunchTests.swift in Sources */ = {isa = PBXBuildFile; fileRef = 587F4E2229795D4200C3605C /* ScrumMasterUITestsLaunchTests.swift */; };
/* End PBXBuildFile section */

/* Begin PBXContainerItemProxy section */
		587F4E1329795D4200C3605C /* PBXContainerItemProxy */ = {
			isa = PBXContainerItemProxy;
			containerPortal = 587F4DFA29795D4100C3605C /* Project object */;
			proxyType = 1;
			remoteGlobalIDString = 587F4E0129795D4100C3605C;
			remoteInfo = ScrumMaster;
		};
		587F4E1D29795D4200C3605C /* PBXContainerItemProxy */ = {
			isa = PBXContainerItemProxy;
			containerPortal = 587F4DFA29795D4100C3605C /* Project object */;
			proxyType = 1;
			remoteGlobalIDString = 587F4E0129795D4100C3605C;
			remoteInfo = ScrumMaster;
		};
/* End PBXContainerItemProxy section */

/* Begin PBXFileReference section */
		587F4E0229795D4100C3605C /* ScrumMaster.app */ = {isa = PBXFileReference; explicitFileType = wrapper.application; includeInIndex = 0; path = ScrumMaster.app; sourceTree = BUILT_PRODUCTS_DIR; };
		587F4E0529795D4100C3605C /* ScrumMasterApp.swift */ = {isa = PBXFileReference; lastKnownFileType = sourcecode.swift; path = ScrumMasterApp.swift; sourceTree = "<group>"; };
		587F4E0729795D4100C3605C /* ContentView.swift */ = {isa = PBXFileReference; lastKnownFileType = sourcecode.swift; path = ContentView.swift; sourceTree = "<group>"; };
		587F4E0929795D4200C3605C /* Assets.xcassets */ = {isa = PBXFileReference; lastKnownFileType = folder.assetcatalog; path = Assets.xcassets; sourceTree = "<group>"; };
		587F4E0C29795D4200C3605C /* Preview Assets.xcassets */ = {isa = PBXFileReference; lastKnownFileType = folder.assetcatalog; path = "Preview Assets.xcassets"; sourceTree = "<group>"; };
		587F4E1229795D4200C3605C /* ScrumMasterTests.xctest */ = {isa = PBXFileReference; explicitFileType = wrapper.cfbundle; includeInIndex = 0; path = ScrumMasterTests.xctest; sourceTree = BUILT_PRODUCTS_DIR; };
		587F4E1629795D4200C3605C /* ScrumMasterTests.swift */ = {isa = PBXFileReference; lastKnownFileType = sourcecode.swift; path = ScrumMasterTests.swift; sourceTree = "<group>"; };
		587F4E1C29795D4200C3605C /* ScrumMasterUITests.xctest */ = {isa = PBXFileReference; explicitFileType = wrapper.cfbundle; includeInIndex = 0; path = ScrumMasterUITests.xctest; sourceTree = BUILT_PRODUCTS_DIR; };
		587F4E2029795D4200C3605C /* ScrumMasterUITests.swift */ = {isa = PBXFileReference; lastKnownFileType = sourcecode.swift; path = ScrumMasterUITests.swift; sourceTree = "<group>"; };
		587F4E2229795D4200C3605C /* ScrumMasterUITestsLaunchTests.swift */ = {isa = PBXFileReference; lastKnownFileType = sourcecode.swift; path = ScrumMasterUITestsLaunchTests.swift; sourceTree = "<group>"; };
/* End PBXFileReference section */

/* Begin PBXFrameworksBuildPhase section */
		587F4DFF29795D4100C3605C /* Frameworks */ = {
			isa = PBXFrameworksBuildPhase;
			buildActionMask = 2147483647;
			files = (
			);
			runOnlyForDeploymentPostprocessing = 0;
		};
		587F4E0F29795D4200C3605C /* Frameworks */ = {
			isa = PBXFrameworksBuildPhase;
			buildActionMask = 2147483647;
			files = (
			);
			runOnlyForDeploymentPostprocessing = 0;
		};
		587F4E1929795D4200C3605C /* Frameworks */ = {
			isa = PBXFrameworksBuildPhase;
			buildActionMask = 2147483647;
			files = (
			);
			runOnlyForDeploymentPostprocessing = 0;
		};
/* End PBXFrameworksBuildPhase section */

/* Begin PBXGroup section */
		587F4DF929795D4100C3605C = {
			isa = PBXGroup;
			children = (
				587F4E0429795D4100C3605C /* ScrumMaster */,
				587F4E1529795D4200C3605C /* ScrumMasterTests */,
				587F4E1F29795D4200C3605C /* ScrumMasterUITests */,
				587F4E0329795D4100C3605C /* Products */,
			);
			sourceTree = "<group>";
		};
		587F4E0329795D4100C3605C /* Products */ = {
			isa = PBXGroup;
			children = (
				587F4E0229795D4100C3605C /* ScrumMaster.app */,
				587F4E1229795D4200C3605C /* ScrumMasterTests.xctest */,
				587F4E1C29795D4200C3605C /* ScrumMasterUITests.xctest */,
			);
			name = Products;
			sourceTree = "<group>";
		};
		587F4E0429795D4100C3605C /* ScrumMaster */ = {
			isa = PBXGroup;
			children = (
				587F4E0529795D4100C3605C /* ScrumMasterApp.swift */,
				587F4E0729795D4100C3605C /* ContentView.swift */,
				587F4E0929795D4200C3605C /* Assets.xcassets */,
				587F4E0B29795D4200C3605C /* Preview Content */,
			);
			path = ScrumMaster;
			sourceTree = "<group>";
		};
		587F4E0B29795D4200C3605C /* Preview Content */ = {
			isa = PBXGroup;
			children = (
				587F4E0C29795D4200C3605C /* Preview Assets.xcassets */,
			);
			path = "Preview Content";
			sourceTree = "<group>";
		};
		587F4E1529795D4200C3605C /* ScrumMasterTests */ = {
			isa = PBXGroup;
			children = (
				587F4E1629795D4200C3605C /* ScrumMasterTests.swift */,
			);
			path = ScrumMasterTests;
			sourceTree = "<group>";
		};
		587F4E1F29795D4200C3605C /* ScrumMasterUITests */ = {
			isa = PBXGroup;
			children = (
				587F4E2029795D4200C3605C /* ScrumMasterUITests.swift */,
				587F4E2229795D4200C3605C /* ScrumMasterUITestsLaunchTests.swift */,
			);
			path = ScrumMasterUITests;
			sourceTree = "<group>";
		};
/* End PBXGroup section */

/* Begin PBXNativeTarget section */
		587F4E0129795D4100C3605C /* ScrumMaster */ = {
			isa = PBXNativeTarget;
			buildConfigurationList = 587F4E2629795D4200C3605C /* Build configuration list for PBXNativeTarget "ScrumMaster" */;
			buildPhases = (
				587F4DFE29795D4100C3605C /* Sources */,
				587F4DFF29795D4100C3605C /* Frameworks */,
				587F4E0029795D4100C3605C /* Resources */,
			);
			buildRules = (
			);
			dependencies = (
			);
			name = ScrumMaster;
			productName = ScrumMaster;
			productReference = 587F4E0229795D4100C3605C /* ScrumMaster.app */;
			productType = "com.apple.product-type.application";
		};
		587F4E1129795D4200C3605C /* ScrumMasterTests */ = {
			isa = PBXNativeTarget;
			buildConfigurationList = 587F4E2929795D4200C3605C /* Build configuration list for PBXNativeTarget "ScrumMasterTests" */;
			buildPhases = (
				587F4E0E29795D4200C3605C /* Sources */,
				587F4E0F29795D4200C3605C /* Frameworks */,
				587F4E1029795D4200C3605C /* Resources */,
			);
			buildRules = (
			);
			dependencies = (
				587F4E1429795D4200C3605C /* PBXTargetDependency */,
			);
			name = ScrumMasterTests;
			productName = ScrumMasterTests;
			productReference = 587F4E1229795D4200C3605C /* ScrumMasterTests.xctest */;
			productType = "com.apple.product-type.bundle.unit-test";
		};
		587F4E1B29795D4200C3605C /* ScrumMasterUITests */ = {
			isa = PBXNativeTarget;
			buildConfigurationList = 587F4E2C29795D4200C3605C /* Build configuration list for PBXNativeTarget "ScrumMasterUITests" */;
			buildPhases = (
				587F4E1829795D4200C3605C /* Sources */,
				587F4E1929795D4200C3605C /* Frameworks */,
				587F4E1A29795D4200C3605C /* Resources */,
			);
			buildRules = (
			);
			dependencies = (
				587F4E1E29795D4200C3605C /* PBXTargetDependency */,
			);
			name = ScrumMasterUITests;
			productName = ScrumMasterUITests;
			productReference = 587F4E1C29795D4200C3605C /* ScrumMasterUITests.xctest */;
			productType = "com.apple.product-type.bundle.ui-testing";
		};
/* End PBXNativeTarget section */

/* Begin PBXProject section */
		587F4DFA29795D4100C3605C /* Project object */ = {
			isa = PBXProject;
			attributes = {
				BuildIndependentTargetsInParallel = 1;
				LastSwiftUpdateCheck = 1410;
				LastUpgradeCheck = 1410;
				TargetAttributes = {
					587F4E0129795D4100C3605C = {
						CreatedOnToolsVersion = 14.1;
					};
					587F4E1129795D4200C3605C = {
						CreatedOnToolsVersion = 14.1;
						TestTargetID = 587F4E0129795D4100C3605C;
					};
					587F4E1B29795D4200C3605C = {
						CreatedOnToolsVersion = 14.1;
						TestTargetID = 587F4E0129795D4100C3605C;
					};
				};
			};
			buildConfigurationList = 587F4DFD29795D4100C3605C /* Build configuration list for PBXProject "ScrumMaster" */;
			compatibilityVersion = "Xcode 14.0";
			developmentRegion = en;
			hasScannedForEncodings = 0;
			knownRegions = (
				en,
				Base,
			);
			mainGroup = 587F4DF929795D4100C3605C;
			productRefGroup = 587F4E0329795D4100C3605C /* Products */;
			projectDirPath = "";
			projectRoot = "";
			targets = (
				587F4E0129795D4100C3605C /* ScrumMaster */,
				587F4E1129795D4200C3605C /* ScrumMasterTests */,
				587F4E1B29795D4200C3605C /* ScrumMasterUITests */,
			);
		};
/* End PBXProject section */

/* Begin PBXResourcesBuildPhase section */
		587F4E0029795D4100C3605C /* Resources */ = {
			isa = PBXResourcesBuildPhase;
			buildActionMask = 2147483647;
			files = (
				587F4E0D29795D4200C3605C /* Preview Assets.xcassets in Resources */,
				587F4E0A29795D4200C3605C /* Assets.xcassets in Resources */,
			);
			runOnlyForDeploymentPostprocessing = 0;
		};
		587F4E1029795D4200C3605C /* Resources */ = {
			isa = PBXResourcesBuildPhase;
			buildActionMask = 2147483647;
			files = (
			);
			runOnlyForDeploymentPostprocessing = 0;
		};
		587F4E1A29795D4200C3605C /* Resources */ = {
			isa = PBXResourcesBuildPhase;
			buildActionMask = 2147483647;
			files = (
			);
			runOnlyForDeploymentPostprocessing = 0;
		};
/* End PBXResourcesBuildPhase section */

/* Begin PBXSourcesBuildPhase section */
		587F4DFE29795D4100C3605C /* Sources */ = {
			isa = PBXSourcesBuildPhase;
			buildActionMask = 2147483647;
			files = (
				587F4E0829795D4100C3605C /* ContentView.swift in Sources */,
				587F4E0629795D4100C3605C /* ScrumMasterApp.swift in Sources */,
			);
			runOnlyForDeploymentPostprocessing = 0;
		};
		587F4E0E29795D4200C3605C /* Sources */ = {
			isa = PBXSourcesBuildPhase;
			buildActionMask = 2147483647;
			files = (
				587F4E1729795D4200C3605C /* ScrumMasterTests.swift in Sources */,
			);
			runOnlyForDeploymentPostprocessing = 0;
		};
		587F4E1829795D4200C3605C /* Sources */ = {
			isa = PBXSourcesBuildPhase;
			buildActionMask = 2147483647;
			files = (
				587F4E2129795D4200C3605C /* ScrumMasterUITests.swift in Sources */,
				587F4E2329795D4200C3605C /* ScrumMasterUITestsLaunchTests.swift in Sources */,
			);
			runOnlyForDeploymentPostprocessing = 0;
		};
/* End PBXSourcesBuildPhase section */

/* Begin PBXTargetDependency section */
		587F4E1429795D4200C3605C /* PBXTargetDependency */ = {
			isa = PBXTargetDependency;
			target = 587F4E0129795D4100C3605C /* ScrumMaster */;
			targetProxy = 587F4E1329795D4200C3605C /* PBXContainerItemProxy */;
		};
		587F4E1E29795D4200C3605C /* PBXTargetDependency */ = {
			isa = PBXTargetDependency;
			target = 587F4E0129795D4100C3605C /* ScrumMaster */;
			targetProxy = 587F4E1D29795D4200C3605C /* PBXContainerItemProxy */;
		};
/* End PBXTargetDependency section */

/* Begin XCBuildConfiguration section */
		587F4E2429795D4200C3605C /* Debug */ = {
			isa = XCBuildConfiguration;
			buildSettings = {
				ALWAYS_SEARCH_USER_PATHS = NO;
				CLANG_ANALYZER_NONNULL = YES;
				CLANG_ANALYZER_NUMBER_OBJECT_CONVERSION = YES_AGGRESSIVE;
				CLANG_CXX_LANGUAGE_STANDARD = "gnu++20";
				CLANG_ENABLE_MODULES = YES;
				CLANG_ENABLE_OBJC_ARC = YES;
				CLANG_ENABLE_OBJC_WEAK = YES;
				CLANG_WARN_BLOCK_CAPTURE_AUTORELEASING = YES;
				CLANG_WARN_BOOL_CONVERSION = YES;
				CLANG_WARN_COMMA = YES;
				CLANG_WARN_CONSTANT_CONVERSION = YES;
				CLANG_WARN_DEPRECATED_OBJC_IMPLEMENTATIONS = YES;
				CLANG_WARN_DIRECT_OBJC_ISA_USAGE = YES_ERROR;
				CLANG_WARN_DOCUMENTATION_COMMENTS = YES;
				CLANG_WARN_EMPTY_BODY = YES;
				CLANG_WARN_ENUM_CONVERSION = YES;
				CLANG_WARN_INFINITE_RECURSION = YES;
				CLANG_WARN_INT_CONVERSION = YES;
				CLANG_WARN_NON_LITERAL_NULL_CONVERSION = YES;
				CLANG_WARN_OBJC_IMPLICIT_RETAIN_SELF = YES;
				CLANG_WARN_OBJC_LITERAL_CONVERSION = YES;
				CLANG_WARN_OBJC_ROOT_CLASS = YES_ERROR;
				CLANG_WARN_QUOTED_INCLUDE_IN_FRAMEWORK_HEADER = YES;
				CLANG_WARN_RANGE_LOOP_ANALYSIS = YES;
				CLANG_WARN_STRICT_PROTOTYPES = YES;
				CLANG_WARN_SUSPICIOUS_MOVE = YES;
				CLANG_WARN_UNGUARDED_AVAILABILITY = YES_AGGRESSIVE;
				CLANG_WARN_UNREACHABLE_CODE = YES;
				CLANG_WARN__DUPLICATE_METHOD_MATCH = YES;
				COPY_PHASE_STRIP = NO;
				DEBUG_INFORMATION_FORMAT = dwarf;
				ENABLE_STRICT_OBJC_MSGSEND = YES;
				ENABLE_TESTABILITY = YES;
				GCC_C_LANGUAGE_STANDARD = gnu11;
				GCC_DYNAMIC_NO_PIC = NO;
				GCC_NO_COMMON_BLOCKS = YES;
				GCC_OPTIMIZATION_LEVEL = 0;
				GCC_PREPROCESSOR_DEFINITIONS = (
					"DEBUG=1",
					"$(inherited)",
				);
				GCC_WARN_64_TO_32_BIT_CONVERSION = YES;
				GCC_WARN_ABOUT_RETURN_TYPE = YES_ERROR;
				GCC_WARN_UNDECLARED_SELECTOR = YES;
				GCC_WARN_UNINITIALIZED_AUTOS = YES_AGGRESSIVE;
				GCC_WARN_UNUSED_FUNCTION = YES;
				GCC_WARN_UNUSED_VARIABLE = YES;
				IPHONEOS_DEPLOYMENT_TARGET = 16.1;
				MTL_ENABLE_DEBUG_INFO = INCLUDE_SOURCE;
				MTL_FAST_MATH = YES;
				ONLY_ACTIVE_ARCH = YES;
				SDKROOT = iphoneos;
				SWIFT_ACTIVE_COMPILATION_CONDITIONS = DEBUG;
				SWIFT_OPTIMIZATION_LEVEL = "-Onone";
			};
			name = Debug;
		};
		587F4E2529795D4200C3605C /* Release */ = {
			isa = XCBuildConfiguration;
			buildSettings = {
				ALWAYS_SEARCH_USER_PATHS = NO;
				CLANG_ANALYZER_NONNULL = YES;
				CLANG_ANALYZER_NUMBER_OBJECT_CONVERSION = YES_AGGRESSIVE;
				CLANG_CXX_LANGUAGE_STANDARD = "gnu++20";
				CLANG_ENABLE_MODULES = YES;
				CLANG_ENABLE_OBJC_ARC = YES;
				CLANG_ENABLE_OBJC_WEAK = YES;
				CLANG_WARN_BLOCK_CAPTURE_AUTORELEASING = YES;
				CLANG_WARN_BOOL_CONVERSION = YES;
				CLANG_WARN_COMMA = YES;
				CLANG_WARN_CONSTANT_CONVERSION = YES;
				CLANG_WARN_DEPRECATED_OBJC_IMPLEMENTATIONS = YES;
				CLANG_WARN_DIRECT_OBJC_ISA_USAGE = YES_ERROR;
				CLANG_WARN_DOCUMENTATION_COMMENTS = YES;
				CLANG_WARN_EMPTY_BODY = YES;
				CLANG_WARN_ENUM_CONVERSION = YES;
				CLANG_WARN_INFINITE_RECURSION = YES;
				CLANG_WARN_INT_CONVERSION = YES;
				CLANG_WARN_NON_LITERAL_NULL_CONVERSION = YES;
				CLANG_WARN_OBJC_IMPLICIT_RETAIN_SELF = YES;
				CLANG_WARN_OBJC_LITERAL_CONVERSION = YES;
				CLANG_WARN_OBJC_ROOT_CLASS = YES_ERROR;
				CLANG_WARN_QUOTED_INCLUDE_IN_FRAMEWORK_HEADER = YES;
				CLANG_WARN_RANGE_LOOP_ANALYSIS = YES;
				CLANG_WARN_STRICT_PROTOTYPES = YES;
				CLANG_WARN_SUSPICIOUS_MOVE = YES;
				CLANG_WARN_UNGUARDED_AVAILABILITY = YES_AGGRESSIVE;
				CLANG_WARN_UNREACHABLE_CODE = YES;
				CLANG_WARN__DUPLICATE_METHOD_MATCH = YES;
				COPY_PHASE_STRIP = NO;
				DEBUG_INFORMATION_FORMAT = "dwarf-with-dsym";
				ENABLE_NS_ASSERTIONS = NO;
				ENABLE_STRICT_OBJC_MSGSEND = YES;
				GCC_C_LANGUAGE_STANDARD = gnu11;
				GCC_NO_COMMON_BLOCKS = YES;
				GCC_WARN_64_TO_32_BIT_CONVERSION = YES;
				GCC_WARN_ABOUT_RETURN_TYPE = YES_ERROR;
				GCC_WARN_UNDECLARED_SELECTOR = YES;
				GCC_WARN_UNINITIALIZED_AUTOS = YES_AGGRESSIVE;
				GCC_WARN_UNUSED_FUNCTION = YES;
				GCC_WARN_UNUSED_VARIABLE = YES;
				IPHONEOS_DEPLOYMENT_TARGET = 16.1;
				MTL_ENABLE_DEBUG_INFO = NO;
				MTL_FAST_MATH = YES;
				SDKROOT = iphoneos;
				SWIFT_COMPILATION_MODE = wholemodule;
				SWIFT_OPTIMIZATION_LEVEL = "-O";
				VALIDATE_PRODUCT = YES;
			};
			name = Release;
		};
		587F4E2729795D4200C3605C /* Debug */ = {
			isa = XCBuildConfiguration;
			buildSettings = {
				ASSETCATALOG_COMPILER_APPICON_NAME = AppIcon;
				ASSETCATALOG_COMPILER_GLOBAL_ACCENT_COLOR_NAME = AccentColor;
				CODE_SIGN_STYLE = Automatic;
				CURRENT_PROJECT_VERSION = 1;
				DEVELOPMENT_ASSET_PATHS = "\"ScrumMaster/Preview Content\"";
				DEVELOPMENT_TEAM = QGAQ3AY3R3;
				ENABLE_PREVIEWS = YES;
				GENERATE_INFOPLIST_FILE = YES;
				INFOPLIST_KEY_UIApplicationSceneManifest_Generation = YES;
				INFOPLIST_KEY_UIApplicationSupportsIndirectInputEvents = YES;
				INFOPLIST_KEY_UILaunchScreen_Generation = YES;
				INFOPLIST_KEY_UISupportedInterfaceOrientations_iPad = "UIInterfaceOrientationPortrait UIInterfaceOrientationPortraitUpsideDown UIInterfaceOrientationLandscapeLeft UIInterfaceOrientationLandscapeRight";
				INFOPLIST_KEY_UISupportedInterfaceOrientations_iPhone = "UIInterfaceOrientationPortrait UIInterfaceOrientationLandscapeLeft UIInterfaceOrientationLandscapeRight";
				LD_RUNPATH_SEARCH_PATHS = (
					"$(inherited)",
					"@executable_path/Frameworks",
				);
				MARKETING_VERSION = 1.0;
				PRODUCT_BUNDLE_IDENTIFIER = com.black.ScrumMaster;
				PRODUCT_NAME = "$(TARGET_NAME)";
				SWIFT_EMIT_LOC_STRINGS = YES;
				SWIFT_VERSION = 5.0;
				TARGETED_DEVICE_FAMILY = "1,2";
			};
			name = Debug;
		};
		587F4E2829795D4200C3605C /* Release */ = {
			isa = XCBuildConfiguration;
			buildSettings = {
				ASSETCATALOG_COMPILER_APPICON_NAME = AppIcon;
				ASSETCATALOG_COMPILER_GLOBAL_ACCENT_COLOR_NAME = AccentColor;
				CODE_SIGN_STYLE = Automatic;
				CURRENT_PROJECT_VERSION = 1;
				DEVELOPMENT_ASSET_PATHS = "\"ScrumMaster/Preview Content\"";
				DEVELOPMENT_TEAM = QGAQ3AY3R3;
				ENABLE_PREVIEWS = YES;
				GENERATE_INFOPLIST_FILE = YES;
				INFOPLIST_KEY_UIApplicationSceneManifest_Generation = YES;
				INFOPLIST_KEY_UIApplicationSupportsIndirectInputEvents = YES;
				INFOPLIST_KEY_UILaunchScreen_Generation = YES;
				INFOPLIST_KEY_UISupportedInterfaceOrientations_iPad = "UIInterfaceOrientationPortrait UIInterfaceOrientationPortraitUpsideDown UIInterfaceOrientationLandscapeLeft UIInterfaceOrientationLandscapeRight";
				INFOPLIST_KEY_UISupportedInterfaceOrientations_iPhone = "UIInterfaceOrientationPortrait UIInterfaceOrientationLandscapeLeft UIInterfaceOrientationLandscapeRight";
				LD_RUNPATH_SEARCH_PATHS = (
					"$(inherited)",
					"@executable_path/Frameworks",
				);
				MARKETING_VERSION = 1.0;
				PRODUCT_BUNDLE_IDENTIFIER = com.black.ScrumMaster;
				PRODUCT_NAME = "$(TARGET_NAME)";
				SWIFT_EMIT_LOC_STRINGS = YES;
				SWIFT_VERSION = 5.0;
				TARGETED_DEVICE_FAMILY = "1,2";
			};
			name = Release;
		};
		587F4E2A29795D4200C3605C /* Debug */ = {
			isa = XCBuildConfiguration;
			buildSettings = {
				ALWAYS_EMBED_SWIFT_STANDARD_LIBRARIES = YES;
				BUNDLE_LOADER = "$(TEST_HOST)";
				CODE_SIGN_STYLE = Automatic;
				CURRENT_PROJECT_VERSION = 1;
				DEVELOPMENT_TEAM = QGAQ3AY3R3;
				GENERATE_INFOPLIST_FILE = YES;
				IPHONEOS_DEPLOYMENT_TARGET = 16.1;
				MARKETING_VERSION = 1.0;
				PRODUCT_BUNDLE_IDENTIFIER = com.black.ScrumMasterTests;
				PRODUCT_NAME = "$(TARGET_NAME)";
				SWIFT_EMIT_LOC_STRINGS = NO;
				SWIFT_VERSION = 5.0;
				TARGETED_DEVICE_FAMILY = "1,2";
				TEST_HOST = "$(BUILT_PRODUCTS_DIR)/ScrumMaster.app/$(BUNDLE_EXECUTABLE_FOLDER_PATH)/ScrumMaster";
			};
			name = Debug;
		};
		587F4E2B29795D4200C3605C /* Release */ = {
			isa = XCBuildConfiguration;
			buildSettings = {
				ALWAYS_EMBED_SWIFT_STANDARD_LIBRARIES = YES;
				BUNDLE_LOADER = "$(TEST_HOST)";
				CODE_SIGN_STYLE = Automatic;
				CURRENT_PROJECT_VERSION = 1;
				DEVELOPMENT_TEAM = QGAQ3AY3R3;
				GENERATE_INFOPLIST_FILE = YES;
				IPHONEOS_DEPLOYMENT_TARGET = 16.1;
				MARKETING_VERSION = 1.0;
				PRODUCT_BUNDLE_IDENTIFIER = com.black.ScrumMasterTests;
				PRODUCT_NAME = "$(TARGET_NAME)";
				SWIFT_EMIT_LOC_STRINGS = NO;
				SWIFT_VERSION = 5.0;
				TARGETED_DEVICE_FAMILY = "1,2";
				TEST_HOST = "$(BUILT_PRODUCTS_DIR)/ScrumMaster.app/$(BUNDLE_EXECUTABLE_FOLDER_PATH)/ScrumMaster";
			};
			name = Release;
		};
		587F4E2D29795D4200C3605C /* Debug */ = {
			isa = XCBuildConfiguration;
			buildSettings = {
				ALWAYS_EMBED_SWIFT_STANDARD_LIBRARIES = YES;
				CODE_SIGN_STYLE = Automatic;
				CURRENT_PROJECT_VERSION = 1;
				DEVELOPMENT_TEAM = QGAQ3AY3R3;
				GENERATE_INFOPLIST_FILE = YES;
				MARKETING_VERSION = 1.0;
				PRODUCT_BUNDLE_IDENTIFIER = com.black.ScrumMasterUITests;
				PRODUCT_NAME = "$(TARGET_NAME)";
				SWIFT_EMIT_LOC_STRINGS = NO;
				SWIFT_VERSION = 5.0;
				TARGETED_DEVICE_FAMILY = "1,2";
				TEST_TARGET_NAME = ScrumMaster;
			};
			name = Debug;
		};
		587F4E2E29795D4200C3605C /* Release */ = {
			isa = XCBuildConfiguration;
			buildSettings = {
				ALWAYS_EMBED_SWIFT_STANDARD_LIBRARIES = YES;
				CODE_SIGN_STYLE = Automatic;
				CURRENT_PROJECT_VERSION = 1;
				DEVELOPMENT_TEAM = QGAQ3AY3R3;
				GENERATE_INFOPLIST_FILE = YES;
				MARKETING_VERSION = 1.0;
				PRODUCT_BUNDLE_IDENTIFIER = com.black.ScrumMasterUITests;
				PRODUCT_NAME = "$(TARGET_NAME)";
				SWIFT_EMIT_LOC_STRINGS = NO;
				SWIFT_VERSION = 5.0;
				TARGETED_DEVICE_FAMILY = "1,2";
				TEST_TARGET_NAME = ScrumMaster;
			};
			name = Release;
		};
/* End XCBuildConfiguration section */

/* Begin XCConfigurationList section */
		587F4DFD29795D4100C3605C /* Build configuration list for PBXProject "ScrumMaster" */ = {
			isa = XCConfigurationList;
			buildConfigurations = (
				587F4E2429795D4200C3605C /* Debug */,
				587F4E2529795D4200C3605C /* Release */,
			);
			defaultConfigurationIsVisible = 0;
			defaultConfigurationName = Release;
		};
		587F4E2629795D4200C3605C /* Build configuration list for PBXNativeTarget "ScrumMaster" */ = {
			isa = XCConfigurationList;
			buildConfigurations = (
				587F4E2729795D4200C3605C /* Debug */,
				587F4E2829795D4200C3605C /* Release */,
			);
			defaultConfigurationIsVisible = 0;
			defaultConfigurationName = Release;
		};
		587F4E2929795D4200C3605C /* Build configuration list for PBXNativeTarget "ScrumMasterTests" */ = {
			isa = XCConfigurationList;
			buildConfigurations = (
				587F4E2A29795D4200C3605C /* Debug */,
				587F4E2B29795D4200C3605C /* Release */,
			);
			defaultConfigurationIsVisible = 0;
			defaultConfigurationName = Release;
		};
		587F4E2C29795D4200C3605C /* Build configuration list for PBXNativeTarget "ScrumMasterUITests" */ = {
			isa = XCConfigurationList;
			buildConfigurations = (
				587F4E2D29795D4200C3605C /* Debug */,
				587F4E2E29795D4200C3605C /* Release */,
			);
			defaultConfigurationIsVisible = 0;
			defaultConfigurationName = Release;
		};
/* End XCConfigurationList section */
	};
	rootObject = 587F4DFA29795D4100C3605C /* Project object */;
}
